
Microsoft Visual Studio Solution File, Format Version 12.00
# Visual Studio Version 16
VisualStudioVersion = 16.0.32002.261
MinimumVisualStudioVersion = 10.0.40219.1
Project("{9A19103F-16F7-4668-BE54-9A1E7A4F7556}") = "ListCars.WEB", "ListCars.WEB\ListCars.WEB.csproj", "{C14F74D6-63A3-4CB6-9A00-26A1522E3D2F}"
EndProject
Project("{9A19103F-16F7-4668-BE54-9A1E7A4F7556}") = "ListCars.BLL", "ListCars.BLL\ListCars.BLL.csproj", "{5D21BB5A-60BD-40B0-8DEE-AD747EED9CE7}"
EndProject
Project("{9A19103F-16F7-4668-BE54-9A1E7A4F7556}") = "ListCars.DAL", "ListCars.DAL\ListCars.DAL.csproj", "{3E28E3F5-3944-43A5-B665-27FE6D0E6827}"
EndProject
Project("{9A19103F-16F7-4668-BE54-9A1E7A4F7556}") = "ListCars.Test", "ListCars.Test\ListCars.Test.csproj", "{032E53D5-86C1-446C-B39D-8AAC4DB5D820}"
EndProject
Global
	GlobalSection(SolutionConfigurationPlatforms) = preSolution
		Debug|Any CPU = Debug|Any CPU
		Release|Any CPU = Release|Any CPU
	EndGlobalSection
	GlobalSection(ProjectConfigurationPlatforms) = postSolution
		{C14F74D6-63A3-4CB6-9A00-26A1522E3D2F}.Debug|Any CPU.ActiveCfg = Debug|Any CPU
		{C14F74D6-63A3-4CB6-9A00-26A1522E3D2F}.Debug|Any CPU.Build.0 = Debug|Any CPU
		{C14F74D6-63A3-4CB6-9A00-26A1522E3D2F}.Release|Any CPU.ActiveCfg = Release|Any CPU
		{C14F74D6-63A3-4CB6-9A00-26A1522E3D2F}.Release|Any CPU.Build.0 = Release|Any CPU
		{5D21BB5A-60BD-40B0-8DEE-AD747EED9CE7}.Debug|Any CPU.ActiveCfg = Debug|Any CPU
		{5D21BB5A-60BD-40B0-8DEE-AD747EED9CE7}.Debug|Any CPU.Build.0 = Debug|Any CPU
		{5D21BB5A-60BD-40B0-8DEE-AD747EED9CE7}.Release|Any CPU.ActiveCfg = Release|Any CPU
		{5D21BB5A-60BD-40B0-8DEE-AD747EED9CE7}.Release|Any CPU.Build.0 = Release|Any CPU
		{3E28E3F5-3944-43A5-B665-27FE6D0E6827}.Debug|Any CPU.ActiveCfg = Debug|Any CPU
		{3E28E3F5-3944-43A5-B665-27FE6D0E6827}.Debug|Any CPU.Build.0 = Debug|Any CPU
		{3E28E3F5-3944-43A5-B665-27FE6D0E6827}.Release|Any CPU.ActiveCfg = Release|Any CPU
		{3E28E3F5-3944-43A5-B665-27FE6D0E6827}.Release|Any CPU.Build.0 = Release|Any CPU
		{032E53D5-86C1-446C-B39D-8AAC4DB5D820}.Debug|Any CPU.ActiveCfg = Debug|Any CPU
		{032E53D5-86C1-446C-B39D-8AAC4DB5D820}.Debug|Any CPU.Build.0 = Debug|Any CPU
		{032E53D5-86C1-446C-B39D-8AAC4DB5D820}.Release|Any CPU.ActiveCfg = Release|Any CPU
		{032E53D5-86C1-446C-B39D-8AAC4DB5D820}.Release|Any CPU.Build.0 = Release|Any CPU
	EndGlobalSection
	GlobalSection(SolutionProperties) = preSolution
		HideSolutionNode = FALSE
	EndGlobalSection
	GlobalSection(ExtensibilityGlobals) = postSolution
		SolutionGuid = {FB445B09-27DD-4BB2-B471-CF9C4B8820C3}
	EndGlobalSection
EndGlobal
